# This file is autogenerated, do not edit; changes may be undone by the next 'dep ensure'.


[[projects]]
  name = "github.com/elazarl/goproxy"
  packages = ["regretable"]
  revision = "0a5b8bdb09049ae4ae68e75437ded0b7a2e324e3"
  version = "v1.0"

[[projects]]
  branch = "master"
  name = "github.com/inconshreveable/go-vhost"
  packages = ["."]
  revision = "06d84117953b22058c096b49a429ebd4f3d3d97b"

[[projects]]
  branch = "master"
  name = "github.com/rogpeppe/go-charset"
  packages = [
    "charset",
    "data"
  ]
  revision = "e9ff06f347d3f5d0013d59ed83754f0e88de10d4"

[[projects]]
  name = "github.com/yoazmenda/goproxy"
  packages = [
    ".",
    "ext/auth",
    "ext/html",
    "ext/image",
    "regretable",
    "transport"
  ]
  revision = "148f56e70fa7908fd4eb5585e3df31e1ec04105d"
  version = "1.1"

[solve-meta]
  analyzer-name = "dep"
  analyzer-version = 1
  inputs-digest = "4ac80495fc522dd60ba978fc452437fd7fd322ee1e2dd5b7a4d01ebc3c84e055"
  solver-name = "gps-cdcl"
  solver-version = 1
